
Microsoft Visual Studio Solution File, Format Version 12.00
# Visual Studio Express 2013 for Windows Desktop
VisualStudioVersion = 12.0.30723.0
MinimumVisualStudioVersion = 10.0.40219.1
Project("{2150E333-8FDC-42A3-9474-1A3956D46DE8}") = "Engine", "Engine", "{3C2191D4-FA02-40EF-951F-C9FD37E88CA9}"
EndProject
Project("{2150E333-8FDC-42A3-9474-1A3956D46DE8}") = "Games", "Games", "{CA5EF779-21B5-4806-A6FE-FEB405571372}"
EndProject
Project("{8BC9CEB8-8B4A-11D0-8D11-00A0C91BC942}") = "WildWarriors", "Intermediate\ProjectFiles\WildWarriors.vcxproj", "{60D917C0-BA90-4233-9998-F6E123370D6B}"
EndProject
Project("{8BC9CEB8-8B4A-11D0-8D11-00A0C91BC942}") = "UE4", "Intermediate\ProjectFiles\UE4.vcxproj", "{6036AC19-D845-41CB-B376-546DA36311B4}"
EndProject
Global
	GlobalSection(SolutionConfigurationPlatforms) = preSolution
		DebugGame Editor|Windows = DebugGame Editor|Windows
		DebugGame|Windows = DebugGame|Windows
		Development Editor|Windows = Development Editor|Windows
		Development|Windows = Development|Windows
		Shipping|Windows = Shipping|Windows
	EndGlobalSection
	GlobalSection(ProjectConfigurationPlatforms) = postSolution
		{60D917C0-BA90-4233-9998-F6E123370D6B}.DebugGame Editor|Windows.ActiveCfg = DebugGame_Editor|x64
		{60D917C0-BA90-4233-9998-F6E123370D6B}.DebugGame Editor|Windows.Build.0 = DebugGame_Editor|x64
		{60D917C0-BA90-4233-9998-F6E123370D6B}.DebugGame|Windows.ActiveCfg = DebugGame_Game|x64
		{60D917C0-BA90-4233-9998-F6E123370D6B}.DebugGame|Windows.Build.0 = DebugGame_Game|x64
		{60D917C0-BA90-4233-9998-F6E123370D6B}.Development Editor|Windows.ActiveCfg = Development_Editor|x64
		{60D917C0-BA90-4233-9998-F6E123370D6B}.Development Editor|Windows.Build.0 = Development_Editor|x64
		{60D917C0-BA90-4233-9998-F6E123370D6B}.Development|Windows.ActiveCfg = Development_Game|x64
		{60D917C0-BA90-4233-9998-F6E123370D6B}.Development|Windows.Build.0 = Development_Game|x64
		{60D917C0-BA90-4233-9998-F6E123370D6B}.Shipping|Windows.ActiveCfg = Shipping_Game|Win32
		{60D917C0-BA90-4233-9998-F6E123370D6B}.Shipping|Windows.Build.0 = Shipping_Game|Win32
		{6036AC19-D845-41CB-B376-546DA36311B4}.DebugGame Editor|Windows.ActiveCfg = DebugGame_Server|Win32
		{6036AC19-D845-41CB-B376-546DA36311B4}.DebugGame|Windows.ActiveCfg = WinRT_DebugGame_Game|Win32
		{6036AC19-D845-41CB-B376-546DA36311B4}.Development Editor|Windows.ActiveCfg = Development_Server|Win32
		{6036AC19-D845-41CB-B376-546DA36311B4}.Development|Windows.ActiveCfg = WinRT_ARM_Development_Game|Win32
		{6036AC19-D845-41CB-B376-546DA36311B4}.Shipping|Windows.ActiveCfg = Shipping_Client|Win32
	EndGlobalSection
	GlobalSection(SolutionProperties) = preSolution
		HideSolutionNode = FALSE
	EndGlobalSection
	GlobalSection(NestedProjects) = preSolution
		{60D917C0-BA90-4233-9998-F6E123370D6B} = {CA5EF779-21B5-4806-A6FE-FEB405571372}
		{6036AC19-D845-41CB-B376-546DA36311B4} = {3C2191D4-FA02-40EF-951F-C9FD37E88CA9}
	EndGlobalSection
EndGlobal
