
Microsoft Visual Studio Solution File, Format Version 12.00
# Visual Studio 2013
Project("{2150E333-8FDC-42A3-9474-1A3956D46DE8}") = "Engine", "Engine", "{795BC6AF-7594-449C-AC11-FC9C2D48614C}"
EndProject
Project("{2150E333-8FDC-42A3-9474-1A3956D46DE8}") = "Games", "Games", "{B08C2080-AC5A-40CF-B795-4FC36BE1972F}"
EndProject
Project("{8BC9CEB8-8B4A-11D0-8D11-00A0C91BC942}") = "WildWarriors", "Intermediate\ProjectFiles\WildWarriors.vcxproj", "{C5FB911D-A39A-4C3F-B2C7-11382E587D18}"
	ProjectSection(ProjectDependencies) = postProject
	EndProjectSection
EndProject
Project("{8BC9CEB8-8B4A-11D0-8D11-00A0C91BC942}") = "UE4", "Intermediate\ProjectFiles\UE4.vcxproj", "{0270CD78-4F67-4776-BE16-02F8DA852B47}"
EndProject
Global
	GlobalSection(SolutionConfigurationPlatforms) = preSolution
		DebugGame Editor|Windows = DebugGame Editor|Windows
		DebugGame|Windows = DebugGame|Windows
		Development Editor|Windows = Development Editor|Windows
		Development|Windows = Development|Windows
		Shipping|Windows = Shipping|Windows
	EndGlobalSection
	GlobalSection(ProjectConfigurationPlatforms) = postSolution
		{C5FB911D-A39A-4C3F-B2C7-11382E587D18}.DebugGame Editor|Windows.ActiveCfg = DebugGame_Editor|x64
		{C5FB911D-A39A-4C3F-B2C7-11382E587D18}.DebugGame Editor|Windows.Build.0 = DebugGame_Editor|x64
		{C5FB911D-A39A-4C3F-B2C7-11382E587D18}.DebugGame|Windows.ActiveCfg = DebugGame_Game|x64
		{C5FB911D-A39A-4C3F-B2C7-11382E587D18}.DebugGame|Windows.Build.0 = DebugGame_Game|x64
		{C5FB911D-A39A-4C3F-B2C7-11382E587D18}.Development Editor|Windows.ActiveCfg = Development_Editor|x64
		{C5FB911D-A39A-4C3F-B2C7-11382E587D18}.Development Editor|Windows.Build.0 = Development_Editor|x64
		{C5FB911D-A39A-4C3F-B2C7-11382E587D18}.Development|Windows.ActiveCfg = Development_Game|x64
		{C5FB911D-A39A-4C3F-B2C7-11382E587D18}.Development|Windows.Build.0 = Development_Game|x64
		{C5FB911D-A39A-4C3F-B2C7-11382E587D18}.Shipping|Windows.ActiveCfg = Shipping_Game|Win32
		{C5FB911D-A39A-4C3F-B2C7-11382E587D18}.Shipping|Windows.Build.0 = Shipping_Game|Win32
	EndGlobalSection
	GlobalSection(SolutionProperties) = preSolution
		HideSolutionNode = FALSE
	EndGlobalSection
	GlobalSection(NestedProjects) = preSolution
		{0270CD78-4F67-4776-BE16-02F8DA852B47} = {795BC6AF-7594-449C-AC11-FC9C2D48614C}
		{C5FB911D-A39A-4C3F-B2C7-11382E587D18} = {B08C2080-AC5A-40CF-B795-4FC36BE1972F}
	EndGlobalSection
EndGlobal
